
Microsoft Visual Studio Solution File, Format Version 12.00
# Visual Studio 15
VisualStudioVersion = 15.0.28307.1082
MinimumVisualStudioVersion = 10.0.40219.1
Project("{00D1A9C2-B5F0-4AF3-8072-F6C62B433612}") = "Database2", "Database2\Database2.sqlproj", "{F39726D3-A611-4DD9-8B90-8DE049CD3093}"
EndProject
Project("{F14B399A-7131-4C87-9E4B-1186C45EF12D}") = "Report Project1", "Report Project1\Report Project1.rptproj", "{07579B76-7EFB-41E4-85E3-7FA920E486E8}"
EndProject
Global
	GlobalSection(SolutionConfigurationPlatforms) = preSolution
		Debug|Any CPU = Debug|Any CPU
		DebugLocal|Any CPU = DebugLocal|Any CPU
		Release|Any CPU = Release|Any CPU
	EndGlobalSection
	GlobalSection(ProjectConfigurationPlatforms) = postSolution
		{F39726D3-A611-4DD9-8B90-8DE049CD3093}.Debug|Any CPU.ActiveCfg = Debug|Any CPU
		{F39726D3-A611-4DD9-8B90-8DE049CD3093}.Debug|Any CPU.Build.0 = Debug|Any CPU
		{F39726D3-A611-4DD9-8B90-8DE049CD3093}.Debug|Any CPU.Deploy.0 = Debug|Any CPU
		{F39726D3-A611-4DD9-8B90-8DE049CD3093}.DebugLocal|Any CPU.ActiveCfg = Debug|Any CPU
		{F39726D3-A611-4DD9-8B90-8DE049CD3093}.DebugLocal|Any CPU.Build.0 = Debug|Any CPU
		{F39726D3-A611-4DD9-8B90-8DE049CD3093}.DebugLocal|Any CPU.Deploy.0 = Debug|Any CPU
		{F39726D3-A611-4DD9-8B90-8DE049CD3093}.Release|Any CPU.ActiveCfg = Release|Any CPU
		{F39726D3-A611-4DD9-8B90-8DE049CD3093}.Release|Any CPU.Build.0 = Release|Any CPU
		{F39726D3-A611-4DD9-8B90-8DE049CD3093}.Release|Any CPU.Deploy.0 = Release|Any CPU
		{07579B76-7EFB-41E4-85E3-7FA920E486E8}.Debug|Any CPU.ActiveCfg = Debug
		{07579B76-7EFB-41E4-85E3-7FA920E486E8}.Debug|Any CPU.Build.0 = Debug
		{07579B76-7EFB-41E4-85E3-7FA920E486E8}.Debug|Any CPU.Deploy.0 = Debug
		{07579B76-7EFB-41E4-85E3-7FA920E486E8}.DebugLocal|Any CPU.ActiveCfg = DebugLocal
		{07579B76-7EFB-41E4-85E3-7FA920E486E8}.DebugLocal|Any CPU.Build.0 = DebugLocal
		{07579B76-7EFB-41E4-85E3-7FA920E486E8}.Release|Any CPU.ActiveCfg = Release
		{07579B76-7EFB-41E4-85E3-7FA920E486E8}.Release|Any CPU.Build.0 = Release
		{07579B76-7EFB-41E4-85E3-7FA920E486E8}.Release|Any CPU.Deploy.0 = Release
	EndGlobalSection
	GlobalSection(SolutionProperties) = preSolution
		HideSolutionNode = FALSE
	EndGlobalSection
	GlobalSection(ExtensibilityGlobals) = postSolution
		SolutionGuid = {EA46FF5C-02D4-4BE2-98E3-33F993FC5C12}
	EndGlobalSection
EndGlobal
